
Microsoft Visual Studio Solution File, Format Version 12.00
# Visual Studio Version 16
VisualStudioVersion = 16.0.30611.23
MinimumVisualStudioVersion = 10.0.40219.1
Project("{FAE04EC0-301F-11D3-BF4B-00C04F79EFBC}") = "CarFactoryView", "CarFactoryView\CarFactoryView.csproj", "{EEF2C9DD-7E1F-4763-8E82-E8E908EA98E1}"
EndProject
Project("{9A19103F-16F7-4668-BE54-9A1E7A4F7556}") = "AbstractFactoryBusinessLogic", "AbstractFactoryBusinessLogic\AbstractFactoryBusinessLogic.csproj", "{5A4DCE8B-56B9-437C-92CC-4F517FE37E05}"
EndProject
Project("{9A19103F-16F7-4668-BE54-9A1E7A4F7556}") = "AbstractFactoryListImplement", "AbstractFactoryListImplement\AbstractFactoryListImplement.csproj", "{C7992E41-32E1-4100-A075-0414011D3385}"
EndProject
Project("{9A19103F-16F7-4668-BE54-9A1E7A4F7556}") = "AbstractFactoryFileImplement", "AbstractFactoryFileImplement\AbstractFactoryFileImplement.csproj", "{D344F0C1-09B4-430A-AC7B-DC85EE542EA9}"
EndProject
Project("{9A19103F-16F7-4668-BE54-9A1E7A4F7556}") = "AbstractFactoryDatabaseImplement", "AbstractFactoryDatabaseImplement\AbstractFactoryDatabaseImplement.csproj", "{93B76FFA-43B7-4CC3-A277-3652918CCE95}"
EndProject
Project("{FAE04EC0-301F-11D3-BF4B-00C04F79EFBC}") = "AbstractFactoryRestApi", "AbstractFactoryRestApi\AbstractFactoryRestApi.csproj", "{875DF1D7-DF20-4AF6-AE44-981CAE368A28}"
EndProject
Project("{FAE04EC0-301F-11D3-BF4B-00C04F79EFBC}") = "AbstractFactoryClientView", "AbstractFactoryClientView\AbstractFactoryClientView.csproj", "{5A0173B9-DE06-45B2-8428-04612159E5CE}"
EndProject
Global
	GlobalSection(SolutionConfigurationPlatforms) = preSolution
		Debug|Any CPU = Debug|Any CPU
		Release|Any CPU = Release|Any CPU
	EndGlobalSection
	GlobalSection(ProjectConfigurationPlatforms) = postSolution
		{EEF2C9DD-7E1F-4763-8E82-E8E908EA98E1}.Debug|Any CPU.ActiveCfg = Debug|Any CPU
		{EEF2C9DD-7E1F-4763-8E82-E8E908EA98E1}.Debug|Any CPU.Build.0 = Debug|Any CPU
		{EEF2C9DD-7E1F-4763-8E82-E8E908EA98E1}.Release|Any CPU.ActiveCfg = Release|Any CPU
		{EEF2C9DD-7E1F-4763-8E82-E8E908EA98E1}.Release|Any CPU.Build.0 = Release|Any CPU
		{5A4DCE8B-56B9-437C-92CC-4F517FE37E05}.Debug|Any CPU.ActiveCfg = Debug|Any CPU
		{5A4DCE8B-56B9-437C-92CC-4F517FE37E05}.Debug|Any CPU.Build.0 = Debug|Any CPU
		{5A4DCE8B-56B9-437C-92CC-4F517FE37E05}.Release|Any CPU.ActiveCfg = Release|Any CPU
		{5A4DCE8B-56B9-437C-92CC-4F517FE37E05}.Release|Any CPU.Build.0 = Release|Any CPU
		{C7992E41-32E1-4100-A075-0414011D3385}.Debug|Any CPU.ActiveCfg = Debug|Any CPU
		{C7992E41-32E1-4100-A075-0414011D3385}.Debug|Any CPU.Build.0 = Debug|Any CPU
		{C7992E41-32E1-4100-A075-0414011D3385}.Release|Any CPU.ActiveCfg = Release|Any CPU
		{C7992E41-32E1-4100-A075-0414011D3385}.Release|Any CPU.Build.0 = Release|Any CPU
		{D344F0C1-09B4-430A-AC7B-DC85EE542EA9}.Debug|Any CPU.ActiveCfg = Debug|Any CPU
		{D344F0C1-09B4-430A-AC7B-DC85EE542EA9}.Debug|Any CPU.Build.0 = Debug|Any CPU
		{D344F0C1-09B4-430A-AC7B-DC85EE542EA9}.Release|Any CPU.ActiveCfg = Release|Any CPU
		{D344F0C1-09B4-430A-AC7B-DC85EE542EA9}.Release|Any CPU.Build.0 = Release|Any CPU
		{93B76FFA-43B7-4CC3-A277-3652918CCE95}.Debug|Any CPU.ActiveCfg = Debug|Any CPU
		{93B76FFA-43B7-4CC3-A277-3652918CCE95}.Debug|Any CPU.Build.0 = Debug|Any CPU
		{93B76FFA-43B7-4CC3-A277-3652918CCE95}.Release|Any CPU.ActiveCfg = Release|Any CPU
		{93B76FFA-43B7-4CC3-A277-3652918CCE95}.Release|Any CPU.Build.0 = Release|Any CPU
		{875DF1D7-DF20-4AF6-AE44-981CAE368A28}.Debug|Any CPU.ActiveCfg = Debug|Any CPU
		{875DF1D7-DF20-4AF6-AE44-981CAE368A28}.Debug|Any CPU.Build.0 = Debug|Any CPU
		{875DF1D7-DF20-4AF6-AE44-981CAE368A28}.Release|Any CPU.ActiveCfg = Release|Any CPU
		{875DF1D7-DF20-4AF6-AE44-981CAE368A28}.Release|Any CPU.Build.0 = Release|Any CPU
		{5A0173B9-DE06-45B2-8428-04612159E5CE}.Debug|Any CPU.ActiveCfg = Debug|Any CPU
		{5A0173B9-DE06-45B2-8428-04612159E5CE}.Debug|Any CPU.Build.0 = Debug|Any CPU
		{5A0173B9-DE06-45B2-8428-04612159E5CE}.Release|Any CPU.ActiveCfg = Release|Any CPU
		{5A0173B9-DE06-45B2-8428-04612159E5CE}.Release|Any CPU.Build.0 = Release|Any CPU
	EndGlobalSection
	GlobalSection(SolutionProperties) = preSolution
		HideSolutionNode = FALSE
	EndGlobalSection
	GlobalSection(ExtensibilityGlobals) = postSolution
		SolutionGuid = {2837314E-47BC-479A-B252-4AE789B6F745}
	EndGlobalSection
EndGlobal
